// !$*UTF8*$!
{
	archiveVersion = 1;
	classes = {
	};
	objectVersion = 77;
	objects = {

/* Begin PBXBuildFile section */
		001F21AA92D1929F8CE5AA58 /* KeychainServiceTests.swift in Sources */ = {isa = PBXBuildFile; fileRef = 07645782E20F2B58088A2532 /* KeychainServiceTests.swift */; };
		037F0D8C09948E110BF5EFF7 /* GardenerProfile.swift in Sources */ = {isa = PBXBuildFile; fileRef = FCA3FB4A67EC7830DA84D82A /* GardenerProfile.swift */; };
		05301B28AB9894B54B5428A9 /* Decimal+Currency.swift in Sources */ = {isa = PBXBuildFile; fileRef = 8E17A1A485C2CE84CBA1871D /* Decimal+Currency.swift */; };
		068F55D532013A4B1BAB075B /* ListingService.swift in Sources */ = {isa = PBXBuildFile; fileRef = 72251E07DF07BFB286167D5E /* ListingService.swift */; };
		070B807A7C4118F0EF7DFF68 /* ProfileView.swift in Sources */ = {isa = PBXBuildFile; fileRef = D02E02EA7B640B9300D7E9F9 /* ProfileView.swift */; };
		078E1EC6FBBB9D2D0C76568E /* APIEndpointTests.swift in Sources */ = {isa = PBXBuildFile; fileRef = CD7D8931398FF3848810D6AA /* APIEndpointTests.swift */; };
		079C8E8F5E06B4C275632658 /* APIEndpoint.swift in Sources */ = {isa = PBXBuildFile; fileRef = 456A853E4C513450135F5DBA /* APIEndpoint.swift */; };
		0A05D567190D5A3C375047EC /* AuthService.swift in Sources */ = {isa = PBXBuildFile; fileRef = 804DF32B65D7C9588DF44FF8 /* AuthService.swift */; };
		0AB80FF9C5FB0BB88D59A35B /* ListingService.swift in Sources */ = {isa = PBXBuildFile; fileRef = 72251E07DF07BFB286167D5E /* ListingService.swift */; };
		0BF00DFB57457283388B4F15 /* AuthViewModel.swift in Sources */ = {isa = PBXBuildFile; fileRef = 1E1E7407757E6EA56F286B0C /* AuthViewModel.swift */; };
		0CC46F974E1884F9D48A6C7B /* CheckoutView.swift in Sources */ = {isa = PBXBuildFile; fileRef = E00808934F0728D54D60F10C /* CheckoutView.swift */; };
		10D9425F72E745CF5438805F /* APIError.swift in Sources */ = {isa = PBXBuildFile; fileRef = 7A0099F59D4E456CA18AFE18 /* APIError.swift */; };
		12F655A59698A01D2160F57F /* GardenMarketApp.swift in Sources */ = {isa = PBXBuildFile; fileRef = 41A49B3307689136D6794F92 /* GardenMarketApp.swift */; };
		141ACFD1945C81E19254317D /* Color+Theme.swift in Sources */ = {isa = PBXBuildFile; fileRef = BA8709EDA77972E5D79F41D9 /* Color+Theme.swift */; };
		14A53BE35EE51714754CC9ED /* GardenerService.swift in Sources */ = {isa = PBXBuildFile; fileRef = 93C45470C0D0AF67B8EBEE5F /* GardenerService.swift */; };
		15804C5EBDCA91464AE559C8 /* UpgradeView.swift in Sources */ = {isa = PBXBuildFile; fileRef = 03646B09C7E08A47CA4A598F /* UpgradeView.swift */; };
		171176A51C1094DC745A7540 /* GrowerTabView.swift in Sources */ = {isa = PBXBuildFile; fileRef = 45DCE27352DD28D815E16EDA /* GrowerTabView.swift */; };
		1886425C8FEC74FC20B99E9E /* OnboardingStatus.swift in Sources */ = {isa = PBXBuildFile; fileRef = C5C6AF41CA03A52AC92465DE /* OnboardingStatus.swift */; };
		1B4D24ED82F7F644AB610E36 /* PlantsListView.swift in Sources */ = {isa = PBXBuildFile; fileRef = 1638D2207CB948108B96AF0E /* PlantsListView.swift */; };
		1D6BF9A37DFFE0509B3E8DC3 /* KeychainService.swift in Sources */ = {isa = PBXBuildFile; fileRef = 26776D9FB58472BFBAF24AD8 /* KeychainService.swift */; };
		203DAA26F3CF4B926B5EF191 /* GardenMarketApp.swift in Sources */ = {isa = PBXBuildFile; fileRef = 41A49B3307689136D6794F92 /* GardenMarketApp.swift */; };
		20F7328C7AD79E7CF4CF9BC2 /* TokenRefresher.swift in Sources */ = {isa = PBXBuildFile; fileRef = A4F1C7E1A64B87DD01C346C1 /* TokenRefresher.swift */; };
		24370B1285E51D5876B05220 /* Order.swift in Sources */ = {isa = PBXBuildFile; fileRef = C4ED0A98936A15A1001F7A12 /* Order.swift */; };
		248D217AAB3D6B74A2D25770 /* KeychainService.swift in Sources */ = {isa = PBXBuildFile; fileRef = 26776D9FB58472BFBAF24AD8 /* KeychainService.swift */; };
		24B768F6D535215EABA8CA8D /* AuthService.swift in Sources */ = {isa = PBXBuildFile; fileRef = 804DF32B65D7C9588DF44FF8 /* AuthService.swift */; };
		27C1385F8FBFD5EC7D9FD8F8 /* UpgradeView.swift in Sources */ = {isa = PBXBuildFile; fileRef = 03646B09C7E08A47CA4A598F /* UpgradeView.swift */; };
		294800A6557591027E186C40 /* OrderService.swift in Sources */ = {isa = PBXBuildFile; fileRef = 1131BDE6DD3E477E7F97EF48 /* OrderService.swift */; };
		2B188DE12BF2884333D340B3 /* ListingCardView.swift in Sources */ = {isa = PBXBuildFile; fileRef = A33C3FB977C302160E7204DF /* ListingCardView.swift */; };
		2CA195F016B10287DA6F2EF1 /* OrderDetailView.swift in Sources */ = {isa = PBXBuildFile; fileRef = DCA8A75F2FF17278B37B23A4 /* OrderDetailView.swift */; };
		2F116EBEBC3A3CA2735E6A51 /* ListingFilterBar.swift in Sources */ = {isa = PBXBuildFile; fileRef = 19A6170E239C76ACABCBDF92 /* ListingFilterBar.swift */; };
		2F3601E6F3B68A85A2BE8AD8 /* OnboardingChecklist.swift in Sources */ = {isa = PBXBuildFile; fileRef = C24C00E9A5EED9EF95C9003C /* OnboardingChecklist.swift */; };
		2F6E56DD86B0C4EC4DE333D9 /* GrowerListingsView.swift in Sources */ = {isa = PBXBuildFile; fileRef = AD41A1CB22A23A1CDF21DAEA /* GrowerListingsView.swift */; };
		3002B13EC6CA6AF5B654410D /* CartService.swift in Sources */ = {isa = PBXBuildFile; fileRef = EF830B2746B6CDDF3583E6BA /* CartService.swift */; };
		32009A7A62587A8D589FBFCF /* CreateListingView.swift in Sources */ = {isa = PBXBuildFile; fileRef = 28558B002C95D36A63DFBEAD /* CreateListingView.swift */; };
		34160337FA3E4C88256256AB /* CartViewModel.swift in Sources */ = {isa = PBXBuildFile; fileRef = 6CDB9CCFCC17E296ECE255DD /* CartViewModel.swift */; };
		3A8B8C300A163BCC58BB2D6F /* RegisterView.swift in Sources */ = {isa = PBXBuildFile; fileRef = FEB4B9CAA5C4C9C4E08DD736 /* RegisterView.swift */; };
		3A9C6170619CE6DD6F491243 /* Listing.swift in Sources */ = {isa = PBXBuildFile; fileRef = 1D23210D4696A625990819AC /* Listing.swift */; };
		3BF60BC18F9AB7C6EAD9CCD7 /* SettingsView.swift in Sources */ = {isa = PBXBuildFile; fileRef = 7BEA29177E571F0006FB8E54 /* SettingsView.swift */; };
		3CDE80B119A1B5364B022EE1 /* APIErrorTests.swift in Sources */ = {isa = PBXBuildFile; fileRef = 9A3C0F85C8819B5EAD74C356 /* APIErrorTests.swift */; };
		3DAE9730C41CEBCC5128D36A /* ListingsGridView.swift in Sources */ = {isa = PBXBuildFile; fileRef = C6E866ECE225593E40E93147 /* ListingsGridView.swift */; };
		3F00D0BE3F4366213C9F82CE /* GrowerDashboardViewModel.swift in Sources */ = {isa = PBXBuildFile; fileRef = BA40FB1C8A5B6B92C5CCF1D4 /* GrowerDashboardViewModel.swift */; };
		3F886D6E11DF9644048CA26F /* APIErrorTests.swift in Sources */ = {isa = PBXBuildFile; fileRef = 9A3C0F85C8819B5EAD74C356 /* APIErrorTests.swift */; };
		4320C31E13FFFD37FCFAAD71 /* View+ErrorAlert.swift in Sources */ = {isa = PBXBuildFile; fileRef = E3B6ABA01BE44F781583CE97 /* View+ErrorAlert.swift */; };
		46EC9E4F80A7466F4D22E7DE /* OnboardingChecklist.swift in Sources */ = {isa = PBXBuildFile; fileRef = C24C00E9A5EED9EF95C9003C /* OnboardingChecklist.swift */; };
		4990C2B842158C4D42FF7114 /* ProfileService.swift in Sources */ = {isa = PBXBuildFile; fileRef = 1FFB5B2A9D6A6B0E78804ED0 /* ProfileService.swift */; };
		5469072A154D2A724ABD135F /* OrderService.swift in Sources */ = {isa = PBXBuildFile; fileRef = 1131BDE6DD3E477E7F97EF48 /* OrderService.swift */; };
		5565366BF952C9D0AD813455 /* User.swift in Sources */ = {isa = PBXBuildFile; fileRef = FA49989F8609E7E608259389 /* User.swift */; };
		557EBCD398F8519674A9D50B /* OrderViewModel.swift in Sources */ = {isa = PBXBuildFile; fileRef = 6C532AA98BA654AC57942B97 /* OrderViewModel.swift */; };
		55BE29F1DBC5E06A7E799892 /* OrderDetailView.swift in Sources */ = {isa = PBXBuildFile; fileRef = DCA8A75F2FF17278B37B23A4 /* OrderDetailView.swift */; };
		5671882D84C9C448B4CDDE43 /* CreatePlantView.swift in Sources */ = {isa = PBXBuildFile; fileRef = BB2C90EF784C7DDFE3D2586E /* CreatePlantView.swift */; };
		5B9DEA8C6F7FE5BC2A9D209C /* APIEndpoint.swift in Sources */ = {isa = PBXBuildFile; fileRef = 456A853E4C513450135F5DBA /* APIEndpoint.swift */; };
		5BF93829E94213BD0423D138 /* OnboardingStatus.swift in Sources */ = {isa = PBXBuildFile; fileRef = C5C6AF41CA03A52AC92465DE /* OnboardingStatus.swift */; };
		5C5CFFC488C4D385B022B3CF /* ListingsViewModel.swift in Sources */ = {isa = PBXBuildFile; fileRef = 1236D687E5E2258B1BFD9D9D /* ListingsViewModel.swift */; };
		5C8683054826327496C1D0A2 /* ExtensionTests.swift in Sources */ = {isa = PBXBuildFile; fileRef = 0F5B11E0A716EB962FB6CA8D /* ExtensionTests.swift */; };
		61D5C493B27CAF6E7E0B9F17 /* ContentView.swift in Sources */ = {isa = PBXBuildFile; fileRef = 5648CD49478D21575430F4C8 /* ContentView.swift */; };
		646BE9BF68461A7FA176093E /* MainTabView.swift in Sources */ = {isa = PBXBuildFile; fileRef = 8D3906D6E2A36720332DD3B5 /* MainTabView.swift */; };
		6B6710F561A38D4035D2B93D /* CreateListingView.swift in Sources */ = {isa = PBXBuildFile; fileRef = 28558B002C95D36A63DFBEAD /* CreateListingView.swift */; };
		6DB67A3D4C769A89836D4627 /* ProfileView.swift in Sources */ = {isa = PBXBuildFile; fileRef = D02E02EA7B640B9300D7E9F9 /* ProfileView.swift */; };
		6DE321416C565E543D25C58B /* ListingDetailView.swift in Sources */ = {isa = PBXBuildFile; fileRef = E594DAB2350F72907BD083F3 /* ListingDetailView.swift */; };
		6EE3DD4840A95B032C15C089 /* GardenerProfile.swift in Sources */ = {isa = PBXBuildFile; fileRef = FCA3FB4A67EC7830DA84D82A /* GardenerProfile.swift */; };
		70AAD7EE069A95B09CE6430A /* ListingsGridView.swift in Sources */ = {isa = PBXBuildFile; fileRef = C6E866ECE225593E40E93147 /* ListingsGridView.swift */; };
		7480DD1E371089C5619B027A /* LoginView.swift in Sources */ = {isa = PBXBuildFile; fileRef = C7402991663FEF2E22D6585D /* LoginView.swift */; };
		77872485FC4D397A3AC8B9F1 /* ViewModelTests.swift in Sources */ = {isa = PBXBuildFile; fileRef = 097281C7774E1F067C79C67C /* ViewModelTests.swift */; };
		7B7CAC41CC914CD7578ABEE5 /* GrowerListingsView.swift in Sources */ = {isa = PBXBuildFile; fileRef = AD41A1CB22A23A1CDF21DAEA /* GrowerListingsView.swift */; };
		8175D571FB627065C4EECE66 /* GrowerOrdersView.swift in Sources */ = {isa = PBXBuildFile; fileRef = 7928E457115AFEEF05C0D1EC /* GrowerOrdersView.swift */; };
		85256BC4B7559DC078A6BA0E /* View+ErrorAlert.swift in Sources */ = {isa = PBXBuildFile; fileRef = E3B6ABA01BE44F781583CE97 /* View+ErrorAlert.swift */; };
		86C36AC0C3F09CBF5892560A /* APIClient.swift in Sources */ = {isa = PBXBuildFile; fileRef = F1AFAC9F33EF6C83D9ACD857 /* APIClient.swift */; };
		8A8AAFE457562A2C811FD7FD /* Color+Theme.swift in Sources */ = {isa = PBXBuildFile; fileRef = BA8709EDA77972E5D79F41D9 /* Color+Theme.swift */; };
		8FBD2DA2E0A3D0767897010D /* Cart.swift in Sources */ = {isa = PBXBuildFile; fileRef = 362953BCC8EADF91DD1EC740 /* Cart.swift */; };
		916F23365567BAA75D9A38C2 /* GrowerDashboardViewModel.swift in Sources */ = {isa = PBXBuildFile; fileRef = BA40FB1C8A5B6B92C5CCF1D4 /* GrowerDashboardViewModel.swift */; };
		91CC4A3FA6BF971FBD60322A /* ModelTests.swift in Sources */ = {isa = PBXBuildFile; fileRef = D2B29ED57D56411B3EAF437D /* ModelTests.swift */; };
		91D613679552FFBF3548D2AF /* PlantService.swift in Sources */ = {isa = PBXBuildFile; fileRef = C4D65BD347BF22476BC0752F /* PlantService.swift */; };
		946F3E1443307767856331C1 /* GrowerOrdersView.swift in Sources */ = {isa = PBXBuildFile; fileRef = 7928E457115AFEEF05C0D1EC /* GrowerOrdersView.swift */; };
		94FE144C30FF6AA23D7C1CF4 /* ViewModelTests.swift in Sources */ = {isa = PBXBuildFile; fileRef = 097281C7774E1F067C79C67C /* ViewModelTests.swift */; };
		968CB9BB41FA394A5024D5D2 /* EditListingView.swift in Sources */ = {isa = PBXBuildFile; fileRef = AAF94AE54FC1E4A6F9FC226D /* EditListingView.swift */; };
		97421017020BE295C3430932 /* Order.swift in Sources */ = {isa = PBXBuildFile; fileRef = C4ED0A98936A15A1001F7A12 /* Order.swift */; };
		98FBCBAE466F2E68436DAF65 /* ProfileViewModel.swift in Sources */ = {isa = PBXBuildFile; fileRef = A936B310120405F8F0300247 /* ProfileViewModel.swift */; };
		9A313BF945131D0535CAA657 /* RegisterView.swift in Sources */ = {isa = PBXBuildFile; fileRef = FEB4B9CAA5C4C9C4E08DD736 /* RegisterView.swift */; };
		9E68AF1C9ACD00F993CF1ACE /* SettingsView.swift in Sources */ = {isa = PBXBuildFile; fileRef = 7BEA29177E571F0006FB8E54 /* SettingsView.swift */; };
		A12F755DB378495EB45D502F /* ListingCardView.swift in Sources */ = {isa = PBXBuildFile; fileRef = A33C3FB977C302160E7204DF /* ListingCardView.swift */; };
		A130F9FEF7339C2D3AADE646 /* CartView.swift in Sources */ = {isa = PBXBuildFile; fileRef = B475669F48B99F1D8F3F903C /* CartView.swift */; };
		A62780042F08B4E2BBDF92B1 /* APIEndpointTests.swift in Sources */ = {isa = PBXBuildFile; fileRef = CD7D8931398FF3848810D6AA /* APIEndpointTests.swift */; };
		A6FF594D07BD75CDAFE1C982 /* CreatePlantView.swift in Sources */ = {isa = PBXBuildFile; fileRef = BB2C90EF784C7DDFE3D2586E /* CreatePlantView.swift */; };
		A89F015EAD55BF0550C385A2 /* GardenerService.swift in Sources */ = {isa = PBXBuildFile; fileRef = 93C45470C0D0AF67B8EBEE5F /* GardenerService.swift */; };
		A9695A249F937C169E4B47C1 /* KeychainServiceTests.swift in Sources */ = {isa = PBXBuildFile; fileRef = 07645782E20F2B58088A2532 /* KeychainServiceTests.swift */; };
		AA7A6F1672C76D25E2B332C4 /* OrderViewModel.swift in Sources */ = {isa = PBXBuildFile; fileRef = 6C532AA98BA654AC57942B97 /* OrderViewModel.swift */; };
		ABD35E35DE1E57FC34EFE983 /* CartViewModel.swift in Sources */ = {isa = PBXBuildFile; fileRef = 6CDB9CCFCC17E296ECE255DD /* CartViewModel.swift */; };
		ABFDEAB7B2C66112167399C2 /* OrdersListView.swift in Sources */ = {isa = PBXBuildFile; fileRef = 9B6700400C419B929F1C80DB /* OrdersListView.swift */; };
		ACB7D5C8CAD69A52DACAD8AD /* CenterService.swift in Sources */ = {isa = PBXBuildFile; fileRef = 3832756DF5F8D18EC8C844B8 /* CenterService.swift */; };
		AE2046928246144D7812A861 /* Decimal+Currency.swift in Sources */ = {isa = PBXBuildFile; fileRef = 8E17A1A485C2CE84CBA1871D /* Decimal+Currency.swift */; };
		AEC50519DEDAB1B8B3BE0010 /* PlantService.swift in Sources */ = {isa = PBXBuildFile; fileRef = C4D65BD347BF22476BC0752F /* PlantService.swift */; };
		AFB955DDDC97A7DB34E47CDB /* CenterService.swift in Sources */ = {isa = PBXBuildFile; fileRef = 3832756DF5F8D18EC8C844B8 /* CenterService.swift */; };
		AFBBA1E6B43D06CD9C697067 /* APIError.swift in Sources */ = {isa = PBXBuildFile; fileRef = 7A0099F59D4E456CA18AFE18 /* APIError.swift */; };
		B42DED3199D4724D695BBC2F /* DistributionCenter.swift in Sources */ = {isa = PBXBuildFile; fileRef = 297D8E43C848D63521CBDB92 /* DistributionCenter.swift */; };
		B50587F8F2B665A3D78D84A6 /* AuthViewModel.swift in Sources */ = {isa = PBXBuildFile; fileRef = 1E1E7407757E6EA56F286B0C /* AuthViewModel.swift */; };
		BA1587ACEF4D3726C55C71F7 /* PlantProfile.swift in Sources */ = {isa = PBXBuildFile; fileRef = 3769A420FC99A52DBEAFA5BF /* PlantProfile.swift */; };
		BD6FDBF59D4C5D208FC875A4 /* ProfileService.swift in Sources */ = {isa = PBXBuildFile; fileRef = 1FFB5B2A9D6A6B0E78804ED0 /* ProfileService.swift */; };
		BDE2EF2B9508C59102B65A88 /* PlantProfile.swift in Sources */ = {isa = PBXBuildFile; fileRef = 3769A420FC99A52DBEAFA5BF /* PlantProfile.swift */; };
		BEE8B8299197F1148A347104 /* MainTabView.swift in Sources */ = {isa = PBXBuildFile; fileRef = 8D3906D6E2A36720332DD3B5 /* MainTabView.swift */; };
		BF517199169C30D530D84CE1 /* CheckoutView.swift in Sources */ = {isa = PBXBuildFile; fileRef = E00808934F0728D54D60F10C /* CheckoutView.swift */; };
		C3C9BDC00D624CA59E1261AD /* OrdersListView.swift in Sources */ = {isa = PBXBuildFile; fileRef = 9B6700400C419B929F1C80DB /* OrdersListView.swift */; };
		C5469553BF28E3E6ECC5B2FA /* ProfileViewModel.swift in Sources */ = {isa = PBXBuildFile; fileRef = A936B310120405F8F0300247 /* ProfileViewModel.swift */; };
		CD2CE31E87BA6CD914A8A566 /* TokenRefresher.swift in Sources */ = {isa = PBXBuildFile; fileRef = A4F1C7E1A64B87DD01C346C1 /* TokenRefresher.swift */; };
		D003E390AE371CE4AF57FC0E /* PlantsListView.swift in Sources */ = {isa = PBXBuildFile; fileRef = 1638D2207CB948108B96AF0E /* PlantsListView.swift */; };
		D0C0BEE205849948AE399F3D /* CartService.swift in Sources */ = {isa = PBXBuildFile; fileRef = EF830B2746B6CDDF3583E6BA /* CartService.swift */; };
		D3F459B45E4E4B0A3673485A /* User.swift in Sources */ = {isa = PBXBuildFile; fileRef = FA49989F8609E7E608259389 /* User.swift */; };
		D3F5CA6BBA9E08B05A73C7D3 /* ExtensionTests.swift in Sources */ = {isa = PBXBuildFile; fileRef = 0F5B11E0A716EB962FB6CA8D /* ExtensionTests.swift */; };
		DACAD72CC58838C5EA8738ED /* ModelTests.swift in Sources */ = {isa = PBXBuildFile; fileRef = D2B29ED57D56411B3EAF437D /* ModelTests.swift */; };
		E1D30863A8BAC49B18C87D29 /* LoginView.swift in Sources */ = {isa = PBXBuildFile; fileRef = C7402991663FEF2E22D6585D /* LoginView.swift */; };
		E247943DE57D6E385B61C913 /* ListingFilterBar.swift in Sources */ = {isa = PBXBuildFile; fileRef = 19A6170E239C76ACABCBDF92 /* ListingFilterBar.swift */; };
		E3072061ED2E51B6372904C4 /* APIClient.swift in Sources */ = {isa = PBXBuildFile; fileRef = F1AFAC9F33EF6C83D9ACD857 /* APIClient.swift */; };
		E3AFF266C19EA0D53E2EA78C /* ListingDetailView.swift in Sources */ = {isa = PBXBuildFile; fileRef = E594DAB2350F72907BD083F3 /* ListingDetailView.swift */; };
		E44CA76119731B7EAFF5ACEE /* DistributionCenter.swift in Sources */ = {isa = PBXBuildFile; fileRef = 297D8E43C848D63521CBDB92 /* DistributionCenter.swift */; };
		E6D2EBB688AF042D9E8AF3BD /* EditListingView.swift in Sources */ = {isa = PBXBuildFile; fileRef = AAF94AE54FC1E4A6F9FC226D /* EditListingView.swift */; };
		E70C67AD9226705625CA07FD /* ContentView.swift in Sources */ = {isa = PBXBuildFile; fileRef = 5648CD49478D21575430F4C8 /* ContentView.swift */; };
		E9B825E2F8AFDC5CE7609498 /* Cart.swift in Sources */ = {isa = PBXBuildFile; fileRef = 362953BCC8EADF91DD1EC740 /* Cart.swift */; };
		EDA7C430C11BFB2B2AC9AF98 /* CartView.swift in Sources */ = {isa = PBXBuildFile; fileRef = B475669F48B99F1D8F3F903C /* CartView.swift */; };
		FA6374FEFAFF0B71A3BA9182 /* ListingsViewModel.swift in Sources */ = {isa = PBXBuildFile; fileRef = 1236D687E5E2258B1BFD9D9D /* ListingsViewModel.swift */; };
		FCF217359D632547969BAF2D /* Listing.swift in Sources */ = {isa = PBXBuildFile; fileRef = 1D23210D4696A625990819AC /* Listing.swift */; };
		FF810F6B7ABF1F889C9605B4 /* GrowerTabView.swift in Sources */ = {isa = PBXBuildFile; fileRef = 45DCE27352DD28D815E16EDA /* GrowerTabView.swift */; };
/* End PBXBuildFile section */

/* Begin PBXContainerItemProxy section */
		05886EDC026F2EC351759665 /* PBXContainerItemProxy */ = {
			isa = PBXContainerItemProxy;
			containerPortal = A65FB8A4CFD9816A7CEEF843 /* Project object */;
			proxyType = 1;
			remoteGlobalIDString = 9065B6E7604AF3E413C6D772;
			remoteInfo = GardenMarket_iOS;
		};
		DFE2767119968230495934EF /* PBXContainerItemProxy */ = {
			isa = PBXContainerItemProxy;
			containerPortal = A65FB8A4CFD9816A7CEEF843 /* Project object */;
			proxyType = 1;
			remoteGlobalIDString = E5BA680D369D2EFEC544972E;
			remoteInfo = GardenMarket_macOS;
		};
/* End PBXContainerItemProxy section */

/* Begin PBXFileReference section */
		03646B09C7E08A47CA4A598F /* UpgradeView.swift */ = {isa = PBXFileReference; lastKnownFileType = sourcecode.swift; path = UpgradeView.swift; sourceTree = "<group>"; };
		07645782E20F2B58088A2532 /* KeychainServiceTests.swift */ = {isa = PBXFileReference; lastKnownFileType = sourcecode.swift; path = KeychainServiceTests.swift; sourceTree = "<group>"; };
		097281C7774E1F067C79C67C /* ViewModelTests.swift */ = {isa = PBXFileReference; lastKnownFileType = sourcecode.swift; path = ViewModelTests.swift; sourceTree = "<group>"; };
		0F5B11E0A716EB962FB6CA8D /* ExtensionTests.swift */ = {isa = PBXFileReference; lastKnownFileType = sourcecode.swift; path = ExtensionTests.swift; sourceTree = "<group>"; };
		1131BDE6DD3E477E7F97EF48 /* OrderService.swift */ = {isa = PBXFileReference; lastKnownFileType = sourcecode.swift; path = OrderService.swift; sourceTree = "<group>"; };
		1236D687E5E2258B1BFD9D9D /* ListingsViewModel.swift */ = {isa = PBXFileReference; lastKnownFileType = sourcecode.swift; path = ListingsViewModel.swift; sourceTree = "<group>"; };
		1638D2207CB948108B96AF0E /* PlantsListView.swift */ = {isa = PBXFileReference; lastKnownFileType = sourcecode.swift; path = PlantsListView.swift; sourceTree = "<group>"; };
		19A6170E239C76ACABCBDF92 /* ListingFilterBar.swift */ = {isa = PBXFileReference; lastKnownFileType = sourcecode.swift; path = ListingFilterBar.swift; sourceTree = "<group>"; };
		1D23210D4696A625990819AC /* Listing.swift */ = {isa = PBXFileReference; lastKnownFileType = sourcecode.swift; path = Listing.swift; sourceTree = "<group>"; };
		1E1E7407757E6EA56F286B0C /* AuthViewModel.swift */ = {isa = PBXFileReference; lastKnownFileType = sourcecode.swift; path = AuthViewModel.swift; sourceTree = "<group>"; };
		1FFB5B2A9D6A6B0E78804ED0 /* ProfileService.swift */ = {isa = PBXFileReference; lastKnownFileType = sourcecode.swift; path = ProfileService.swift; sourceTree = "<group>"; };
		26776D9FB58472BFBAF24AD8 /* KeychainService.swift */ = {isa = PBXFileReference; lastKnownFileType = sourcecode.swift; path = KeychainService.swift; sourceTree = "<group>"; };
		28558B002C95D36A63DFBEAD /* CreateListingView.swift */ = {isa = PBXFileReference; lastKnownFileType = sourcecode.swift; path = CreateListingView.swift; sourceTree = "<group>"; };
		297D8E43C848D63521CBDB92 /* DistributionCenter.swift */ = {isa = PBXFileReference; lastKnownFileType = sourcecode.swift; path = DistributionCenter.swift; sourceTree = "<group>"; };
		362953BCC8EADF91DD1EC740 /* Cart.swift */ = {isa = PBXFileReference; lastKnownFileType = sourcecode.swift; path = Cart.swift; sourceTree = "<group>"; };
		3769A420FC99A52DBEAFA5BF /* PlantProfile.swift */ = {isa = PBXFileReference; lastKnownFileType = sourcecode.swift; path = PlantProfile.swift; sourceTree = "<group>"; };
		3832756DF5F8D18EC8C844B8 /* CenterService.swift */ = {isa = PBXFileReference; lastKnownFileType = sourcecode.swift; path = CenterService.swift; sourceTree = "<group>"; };
		41869E02F3DB10C6F7B313E2 /* GardenMarketTests_macOS.xctest */ = {isa = PBXFileReference; explicitFileType = wrapper.cfbundle; includeInIndex = 0; path = GardenMarketTests_macOS.xctest; sourceTree = BUILT_PRODUCTS_DIR; };
		41A49B3307689136D6794F92 /* GardenMarketApp.swift */ = {isa = PBXFileReference; lastKnownFileType = sourcecode.swift; path = GardenMarketApp.swift; sourceTree = "<group>"; };
		456A853E4C513450135F5DBA /* APIEndpoint.swift */ = {isa = PBXFileReference; lastKnownFileType = sourcecode.swift; path = APIEndpoint.swift; sourceTree = "<group>"; };
		45DCE27352DD28D815E16EDA /* GrowerTabView.swift */ = {isa = PBXFileReference; lastKnownFileType = sourcecode.swift; path = GrowerTabView.swift; sourceTree = "<group>"; };
		4FD020F58940E9A2BA1CC67D /* Info.plist */ = {isa = PBXFileReference; lastKnownFileType = text.plist; path = Info.plist; sourceTree = "<group>"; };
		5648CD49478D21575430F4C8 /* ContentView.swift */ = {isa = PBXFileReference; lastKnownFileType = sourcecode.swift; path = ContentView.swift; sourceTree = "<group>"; };
		6C532AA98BA654AC57942B97 /* OrderViewModel.swift */ = {isa = PBXFileReference; lastKnownFileType = sourcecode.swift; path = OrderViewModel.swift; sourceTree = "<group>"; };
		6CDB9CCFCC17E296ECE255DD /* CartViewModel.swift */ = {isa = PBXFileReference; lastKnownFileType = sourcecode.swift; path = CartViewModel.swift; sourceTree = "<group>"; };
		70CB8F12229C772FAEB8865C /* GardenMarket.app */ = {isa = PBXFileReference; explicitFileType = wrapper.application; includeInIndex = 0; path = GardenMarket.app; sourceTree = BUILT_PRODUCTS_DIR; };
		72251E07DF07BFB286167D5E /* ListingService.swift */ = {isa = PBXFileReference; lastKnownFileType = sourcecode.swift; path = ListingService.swift; sourceTree = "<group>"; };
		72F0F347837EFB725B4D1F58 /* GardenMarketTests_iOS.xctest */ = {isa = PBXFileReference; includeInIndex = 0; lastKnownFileType = wrapper.cfbundle; path = GardenMarketTests_iOS.xctest; sourceTree = BUILT_PRODUCTS_DIR; };
		7928E457115AFEEF05C0D1EC /* GrowerOrdersView.swift */ = {isa = PBXFileReference; lastKnownFileType = sourcecode.swift; path = GrowerOrdersView.swift; sourceTree = "<group>"; };
		7A0099F59D4E456CA18AFE18 /* APIError.swift */ = {isa = PBXFileReference; lastKnownFileType = sourcecode.swift; path = APIError.swift; sourceTree = "<group>"; };
		7BEA29177E571F0006FB8E54 /* SettingsView.swift */ = {isa = PBXFileReference; lastKnownFileType = sourcecode.swift; path = SettingsView.swift; sourceTree = "<group>"; };
		804DF32B65D7C9588DF44FF8 /* AuthService.swift */ = {isa = PBXFileReference; lastKnownFileType = sourcecode.swift; path = AuthService.swift; sourceTree = "<group>"; };
		8D3906D6E2A36720332DD3B5 /* MainTabView.swift */ = {isa = PBXFileReference; lastKnownFileType = sourcecode.swift; path = MainTabView.swift; sourceTree = "<group>"; };
		8E17A1A485C2CE84CBA1871D /* Decimal+Currency.swift */ = {isa = PBXFileReference; lastKnownFileType = sourcecode.swift; path = "Decimal+Currency.swift"; sourceTree = "<group>"; };
		93C45470C0D0AF67B8EBEE5F /* GardenerService.swift */ = {isa = PBXFileReference; lastKnownFileType = sourcecode.swift; path = GardenerService.swift; sourceTree = "<group>"; };
		94099738DDBE975447880F90 /* GardenMarket.app */ = {isa = PBXFileReference; explicitFileType = wrapper.application; includeInIndex = 0; path = GardenMarket.app; sourceTree = BUILT_PRODUCTS_DIR; };
		9A3C0F85C8819B5EAD74C356 /* APIErrorTests.swift */ = {isa = PBXFileReference; lastKnownFileType = sourcecode.swift; path = APIErrorTests.swift; sourceTree = "<group>"; };
		9B6700400C419B929F1C80DB /* OrdersListView.swift */ = {isa = PBXFileReference; lastKnownFileType = sourcecode.swift; path = OrdersListView.swift; sourceTree = "<group>"; };
		A33C3FB977C302160E7204DF /* ListingCardView.swift */ = {isa = PBXFileReference; lastKnownFileType = sourcecode.swift; path = ListingCardView.swift; sourceTree = "<group>"; };
		A4F1C7E1A64B87DD01C346C1 /* TokenRefresher.swift */ = {isa = PBXFileReference; lastKnownFileType = sourcecode.swift; path = TokenRefresher.swift; sourceTree = "<group>"; };
		A936B310120405F8F0300247 /* ProfileViewModel.swift */ = {isa = PBXFileReference; lastKnownFileType = sourcecode.swift; path = ProfileViewModel.swift; sourceTree = "<group>"; };
		AAF94AE54FC1E4A6F9FC226D /* EditListingView.swift */ = {isa = PBXFileReference; lastKnownFileType = sourcecode.swift; path = EditListingView.swift; sourceTree = "<group>"; };
		AD41A1CB22A23A1CDF21DAEA /* GrowerListingsView.swift */ = {isa = PBXFileReference; lastKnownFileType = sourcecode.swift; path = GrowerListingsView.swift; sourceTree = "<group>"; };
		B475669F48B99F1D8F3F903C /* CartView.swift */ = {isa = PBXFileReference; lastKnownFileType = sourcecode.swift; path = CartView.swift; sourceTree = "<group>"; };
		BA40FB1C8A5B6B92C5CCF1D4 /* GrowerDashboardViewModel.swift */ = {isa = PBXFileReference; lastKnownFileType = sourcecode.swift; path = GrowerDashboardViewModel.swift; sourceTree = "<group>"; };
		BA8709EDA77972E5D79F41D9 /* Color+Theme.swift */ = {isa = PBXFileReference; lastKnownFileType = sourcecode.swift; path = "Color+Theme.swift"; sourceTree = "<group>"; };
		BB2C90EF784C7DDFE3D2586E /* CreatePlantView.swift */ = {isa = PBXFileReference; lastKnownFileType = sourcecode.swift; path = CreatePlantView.swift; sourceTree = "<group>"; };
		C24C00E9A5EED9EF95C9003C /* OnboardingChecklist.swift */ = {isa = PBXFileReference; lastKnownFileType = sourcecode.swift; path = OnboardingChecklist.swift; sourceTree = "<group>"; };
		C4D65BD347BF22476BC0752F /* PlantService.swift */ = {isa = PBXFileReference; lastKnownFileType = sourcecode.swift; path = PlantService.swift; sourceTree = "<group>"; };
		C4ED0A98936A15A1001F7A12 /* Order.swift */ = {isa = PBXFileReference; lastKnownFileType = sourcecode.swift; path = Order.swift; sourceTree = "<group>"; };
		C5C6AF41CA03A52AC92465DE /* OnboardingStatus.swift */ = {isa = PBXFileReference; lastKnownFileType = sourcecode.swift; path = OnboardingStatus.swift; sourceTree = "<group>"; };
		C6E866ECE225593E40E93147 /* ListingsGridView.swift */ = {isa = PBXFileReference; lastKnownFileType = sourcecode.swift; path = ListingsGridView.swift; sourceTree = "<group>"; };
		C7402991663FEF2E22D6585D /* LoginView.swift */ = {isa = PBXFileReference; lastKnownFileType = sourcecode.swift; path = LoginView.swift; sourceTree = "<group>"; };
		CD7D8931398FF3848810D6AA /* APIEndpointTests.swift */ = {isa = PBXFileReference; lastKnownFileType = sourcecode.swift; path = APIEndpointTests.swift; sourceTree = "<group>"; };
		D02E02EA7B640B9300D7E9F9 /* ProfileView.swift */ = {isa = PBXFileReference; lastKnownFileType = sourcecode.swift; path = ProfileView.swift; sourceTree = "<group>"; };
		D2B29ED57D56411B3EAF437D /* ModelTests.swift */ = {isa = PBXFileReference; lastKnownFileType = sourcecode.swift; path = ModelTests.swift; sourceTree = "<group>"; };
		DCA8A75F2FF17278B37B23A4 /* OrderDetailView.swift */ = {isa = PBXFileReference; lastKnownFileType = sourcecode.swift; path = OrderDetailView.swift; sourceTree = "<group>"; };
		E00808934F0728D54D60F10C /* CheckoutView.swift */ = {isa = PBXFileReference; lastKnownFileType = sourcecode.swift; path = CheckoutView.swift; sourceTree = "<group>"; };
		E3B6ABA01BE44F781583CE97 /* View+ErrorAlert.swift */ = {isa = PBXFileReference; lastKnownFileType = sourcecode.swift; path = "View+ErrorAlert.swift"; sourceTree = "<group>"; };
		E594DAB2350F72907BD083F3 /* ListingDetailView.swift */ = {isa = PBXFileReference; lastKnownFileType = sourcecode.swift; path = ListingDetailView.swift; sourceTree = "<group>"; };
		EF830B2746B6CDDF3583E6BA /* CartService.swift */ = {isa = PBXFileReference; lastKnownFileType = sourcecode.swift; path = CartService.swift; sourceTree = "<group>"; };
		F1AFAC9F33EF6C83D9ACD857 /* APIClient.swift */ = {isa = PBXFileReference; lastKnownFileType = sourcecode.swift; path = APIClient.swift; sourceTree = "<group>"; };
		FA49989F8609E7E608259389 /* User.swift */ = {isa = PBXFileReference; lastKnownFileType = sourcecode.swift; path = User.swift; sourceTree = "<group>"; };
		FCA3FB4A67EC7830DA84D82A /* GardenerProfile.swift */ = {isa = PBXFileReference; lastKnownFileType = sourcecode.swift; path = GardenerProfile.swift; sourceTree = "<group>"; };
		FEB4B9CAA5C4C9C4E08DD736 /* RegisterView.swift */ = {isa = PBXFileReference; lastKnownFileType = sourcecode.swift; path = RegisterView.swift; sourceTree = "<group>"; };
/* End PBXFileReference section */

/* Begin PBXGroup section */
		02A55D0E9C19B7CB7F1C320A /* Views */ = {
			isa = PBXGroup;
			children = (
				7E705D46B456B75AE1081DD6 /* Auth */,
				A6A308159BDB652BD4BA4C82 /* Consumer */,
				5512643A645792D29573217E /* Grower */,
			);
			path = Views;
			sourceTree = "<group>";
		};
		0CF2E3A502183F7FA8324CBF /* Core */ = {
			isa = PBXGroup;
			children = (
				3E994AF32DB33B6511821864 /* Keychain */,
				830BC7384E24FDCD427880C3 /* Networking */,
			);
			path = Core;
			sourceTree = "<group>";
		};
		181E54C188FAFA9D699F6DE5 /* Extensions */ = {
			isa = PBXGroup;
			children = (
				BA8709EDA77972E5D79F41D9 /* Color+Theme.swift */,
				8E17A1A485C2CE84CBA1871D /* Decimal+Currency.swift */,
				E3B6ABA01BE44F781583CE97 /* View+ErrorAlert.swift */,
			);
			path = Extensions;
			sourceTree = "<group>";
		};
		1B871D491B9B4D6083E0C712 /* GardenMarketTests */ = {
			isa = PBXGroup;
			children = (
				CD7D8931398FF3848810D6AA /* APIEndpointTests.swift */,
				9A3C0F85C8819B5EAD74C356 /* APIErrorTests.swift */,
				0F5B11E0A716EB962FB6CA8D /* ExtensionTests.swift */,
				07645782E20F2B58088A2532 /* KeychainServiceTests.swift */,
				D2B29ED57D56411B3EAF437D /* ModelTests.swift */,
				097281C7774E1F067C79C67C /* ViewModelTests.swift */,
			);
			path = GardenMarketTests;
			sourceTree = "<group>";
		};
		24498154F1ECF7E0DABD2AF2 /* ViewModels */ = {
			isa = PBXGroup;
			children = (
				1E1E7407757E6EA56F286B0C /* AuthViewModel.swift */,
				6CDB9CCFCC17E296ECE255DD /* CartViewModel.swift */,
				BA40FB1C8A5B6B92C5CCF1D4 /* GrowerDashboardViewModel.swift */,
				1236D687E5E2258B1BFD9D9D /* ListingsViewModel.swift */,
				6C532AA98BA654AC57942B97 /* OrderViewModel.swift */,
				A936B310120405F8F0300247 /* ProfileViewModel.swift */,
			);
			path = ViewModels;
			sourceTree = "<group>";
		};
		24A935BAB3FA1D13877AFCBA /* GardenMarket */ = {
			isa = PBXGroup;
			children = (
				5648CD49478D21575430F4C8 /* ContentView.swift */,
				41A49B3307689136D6794F92 /* GardenMarketApp.swift */,
				0CF2E3A502183F7FA8324CBF /* Core */,
				181E54C188FAFA9D699F6DE5 /* Extensions */,
				56C5BE7A09CA073B47DF7FAE /* Models */,
				D2F2D95303B0875A4F2048F3 /* Resources */,
				E607E1855E8FC3B1A0934901 /* Services */,
				24498154F1ECF7E0DABD2AF2 /* ViewModels */,
				02A55D0E9C19B7CB7F1C320A /* Views */,
			);
			path = GardenMarket;
			sourceTree = "<group>";
		};
		3508C3EE307D9FEA7364441B /* Profile */ = {
			isa = PBXGroup;
			children = (
				D02E02EA7B640B9300D7E9F9 /* ProfileView.swift */,
				7BEA29177E571F0006FB8E54 /* SettingsView.swift */,
				03646B09C7E08A47CA4A598F /* UpgradeView.swift */,
			);
			path = Profile;
			sourceTree = "<group>";
		};
		35A8F0085C3886970DDC2828 /* Browse */ = {
			isa = PBXGroup;
			children = (
				A33C3FB977C302160E7204DF /* ListingCardView.swift */,
				E594DAB2350F72907BD083F3 /* ListingDetailView.swift */,
				19A6170E239C76ACABCBDF92 /* ListingFilterBar.swift */,
				C6E866ECE225593E40E93147 /* ListingsGridView.swift */,
			);
			path = Browse;
			sourceTree = "<group>";
		};
		3E994AF32DB33B6511821864 /* Keychain */ = {
			isa = PBXGroup;
			children = (
				26776D9FB58472BFBAF24AD8 /* KeychainService.swift */,
			);
			path = Keychain;
			sourceTree = "<group>";
		};
		5512643A645792D29573217E /* Grower */ = {
			isa = PBXGroup;
			children = (
				28558B002C95D36A63DFBEAD /* CreateListingView.swift */,
				BB2C90EF784C7DDFE3D2586E /* CreatePlantView.swift */,
				AAF94AE54FC1E4A6F9FC226D /* EditListingView.swift */,
				AD41A1CB22A23A1CDF21DAEA /* GrowerListingsView.swift */,
				7928E457115AFEEF05C0D1EC /* GrowerOrdersView.swift */,
				45DCE27352DD28D815E16EDA /* GrowerTabView.swift */,
				C24C00E9A5EED9EF95C9003C /* OnboardingChecklist.swift */,
				1638D2207CB948108B96AF0E /* PlantsListView.swift */,
			);
			path = Grower;
			sourceTree = "<group>";
		};
		56C5BE7A09CA073B47DF7FAE /* Models */ = {
			isa = PBXGroup;
			children = (
				362953BCC8EADF91DD1EC740 /* Cart.swift */,
				297D8E43C848D63521CBDB92 /* DistributionCenter.swift */,
				FCA3FB4A67EC7830DA84D82A /* GardenerProfile.swift */,
				1D23210D4696A625990819AC /* Listing.swift */,
				C5C6AF41CA03A52AC92465DE /* OnboardingStatus.swift */,
				C4ED0A98936A15A1001F7A12 /* Order.swift */,
				3769A420FC99A52DBEAFA5BF /* PlantProfile.swift */,
				FA49989F8609E7E608259389 /* User.swift */,
			);
			path = Models;
			sourceTree = "<group>";
		};
		7AC65AC0A8E9D308F7137296 /* Products */ = {
			isa = PBXGroup;
			children = (
				94099738DDBE975447880F90 /* GardenMarket.app */,
				70CB8F12229C772FAEB8865C /* GardenMarket.app */,
				72F0F347837EFB725B4D1F58 /* GardenMarketTests_iOS.xctest */,
				41869E02F3DB10C6F7B313E2 /* GardenMarketTests_macOS.xctest */,
			);
			name = Products;
			sourceTree = "<group>";
		};
		7E705D46B456B75AE1081DD6 /* Auth */ = {
			isa = PBXGroup;
			children = (
				C7402991663FEF2E22D6585D /* LoginView.swift */,
				FEB4B9CAA5C4C9C4E08DD736 /* RegisterView.swift */,
			);
			path = Auth;
			sourceTree = "<group>";
		};
		830BC7384E24FDCD427880C3 /* Networking */ = {
			isa = PBXGroup;
			children = (
				F1AFAC9F33EF6C83D9ACD857 /* APIClient.swift */,
				456A853E4C513450135F5DBA /* APIEndpoint.swift */,
				7A0099F59D4E456CA18AFE18 /* APIError.swift */,
				A4F1C7E1A64B87DD01C346C1 /* TokenRefresher.swift */,
			);
			path = Networking;
			sourceTree = "<group>";
		};
		8AAFB011A58B77D6A99E2BEA = {
			isa = PBXGroup;
			children = (
				24A935BAB3FA1D13877AFCBA /* GardenMarket */,
				1B871D491B9B4D6083E0C712 /* GardenMarketTests */,
				7AC65AC0A8E9D308F7137296 /* Products */,
			);
			sourceTree = "<group>";
		};
		A6A308159BDB652BD4BA4C82 /* Consumer */ = {
			isa = PBXGroup;
			children = (
				8D3906D6E2A36720332DD3B5 /* MainTabView.swift */,
				35A8F0085C3886970DDC2828 /* Browse */,
				B63C8AF37BDE423094688E22 /* Cart */,
				DC55C46DC665431D02817FCC /* Orders */,
				3508C3EE307D9FEA7364441B /* Profile */,
			);
			path = Consumer;
			sourceTree = "<group>";
		};
		B63C8AF37BDE423094688E22 /* Cart */ = {
			isa = PBXGroup;
			children = (
				B475669F48B99F1D8F3F903C /* CartView.swift */,
				E00808934F0728D54D60F10C /* CheckoutView.swift */,
			);
			path = Cart;
			sourceTree = "<group>";
		};
		D2F2D95303B0875A4F2048F3 /* Resources */ = {
			isa = PBXGroup;
			children = (
				4FD020F58940E9A2BA1CC67D /* Info.plist */,
			);
			path = Resources;
			sourceTree = "<group>";
		};
		DC55C46DC665431D02817FCC /* Orders */ = {
			isa = PBXGroup;
			children = (
				DCA8A75F2FF17278B37B23A4 /* OrderDetailView.swift */,
				9B6700400C419B929F1C80DB /* OrdersListView.swift */,
			);
			path = Orders;
			sourceTree = "<group>";
		};
		E607E1855E8FC3B1A0934901 /* Services */ = {
			isa = PBXGroup;
			children = (
				804DF32B65D7C9588DF44FF8 /* AuthService.swift */,
				EF830B2746B6CDDF3583E6BA /* CartService.swift */,
				3832756DF5F8D18EC8C844B8 /* CenterService.swift */,
				93C45470C0D0AF67B8EBEE5F /* GardenerService.swift */,
				72251E07DF07BFB286167D5E /* ListingService.swift */,
				1131BDE6DD3E477E7F97EF48 /* OrderService.swift */,
				C4D65BD347BF22476BC0752F /* PlantService.swift */,
				1FFB5B2A9D6A6B0E78804ED0 /* ProfileService.swift */,
			);
			path = Services;
			sourceTree = "<group>";
		};
/* End PBXGroup section */

/* Begin PBXNativeTarget section */
		1624A0B367246B86BD537BB1 /* GardenMarketTests_iOS */ = {
			isa = PBXNativeTarget;
			buildConfigurationList = 44D55A5F7F1DB40D0BEE61B5 /* Build configuration list for PBXNativeTarget "GardenMarketTests_iOS" */;
			buildPhases = (
				850A6BB9C272189715BB5AC9 /* Sources */,
			);
			buildRules = (
			);
			dependencies = (
				8A345A196B9A7A3974AEA75D /* PBXTargetDependency */,
			);
			name = GardenMarketTests_iOS;
			packageProductDependencies = (
			);
			productName = GardenMarketTests_iOS;
			productReference = 72F0F347837EFB725B4D1F58 /* GardenMarketTests_iOS.xctest */;
			productType = "com.apple.product-type.bundle.unit-test";
		};
		9065B6E7604AF3E413C6D772 /* GardenMarket_iOS */ = {
			isa = PBXNativeTarget;
			buildConfigurationList = D7CE1DF021B5B324093DDAA3 /* Build configuration list for PBXNativeTarget "GardenMarket_iOS" */;
			buildPhases = (
				487CDD1D5EB2AC9CA8DE0204 /* Sources */,
			);
			buildRules = (
			);
			dependencies = (
			);
			name = GardenMarket_iOS;
			packageProductDependencies = (
			);
			productName = GardenMarket_iOS;
			productReference = 94099738DDBE975447880F90 /* GardenMarket.app */;
			productType = "com.apple.product-type.application";
		};
		A23F2FB0574E62AFE371388E /* GardenMarketTests_macOS */ = {
			isa = PBXNativeTarget;
			buildConfigurationList = BE495276FDD035645C264D14 /* Build configuration list for PBXNativeTarget "GardenMarketTests_macOS" */;
			buildPhases = (
				1E52B5C1DBC2F044F75EF739 /* Sources */,
			);
			buildRules = (
			);
			dependencies = (
				B5CC8FC74408150A1DF79E6C /* PBXTargetDependency */,
			);
			name = GardenMarketTests_macOS;
			packageProductDependencies = (
			);
			productName = GardenMarketTests_macOS;
			productReference = 41869E02F3DB10C6F7B313E2 /* GardenMarketTests_macOS.xctest */;
			productType = "com.apple.product-type.bundle.unit-test";
		};
		E5BA680D369D2EFEC544972E /* GardenMarket_macOS */ = {
			isa = PBXNativeTarget;
			buildConfigurationList = ADD36B4B5128669E984DA3E8 /* Build configuration list for PBXNativeTarget "GardenMarket_macOS" */;
			buildPhases = (
				5E362865C6FB46C580BB82AC /* Sources */,
			);
			buildRules = (
			);
			dependencies = (
			);
			name = GardenMarket_macOS;
			packageProductDependencies = (
			);
			productName = GardenMarket_macOS;
			productReference = 70CB8F12229C772FAEB8865C /* GardenMarket.app */;
			productType = "com.apple.product-type.application";
		};
/* End PBXNativeTarget section */

/* Begin PBXProject section */
		A65FB8A4CFD9816A7CEEF843 /* Project object */ = {
			isa = PBXProject;
			attributes = {
				BuildIndependentTargetsInParallel = YES;
				LastUpgradeCheck = 1600;
				TargetAttributes = {
					1624A0B367246B86BD537BB1 = {
						DevelopmentTeam = "";
						ProvisioningStyle = Automatic;
					};
					9065B6E7604AF3E413C6D772 = {
						DevelopmentTeam = "";
						ProvisioningStyle = Automatic;
					};
					A23F2FB0574E62AFE371388E = {
						ProvisioningStyle = Automatic;
					};
					E5BA680D369D2EFEC544972E = {
						ProvisioningStyle = Automatic;
					};
				};
			};
			buildConfigurationList = 3CCF6260BE6DB14AE5A6706C /* Build configuration list for PBXProject "GardenMarket" */;
			developmentRegion = en;
			hasScannedForEncodings = 0;
			knownRegions = (
				Base,
				en,
			);
			mainGroup = 8AAFB011A58B77D6A99E2BEA;
			minimizedProjectReferenceProxies = 1;
			preferredProjectObjectVersion = 77;
			productRefGroup = 7AC65AC0A8E9D308F7137296 /* Products */;
			projectDirPath = "";
			projectRoot = "";
			targets = (
				1624A0B367246B86BD537BB1 /* GardenMarketTests_iOS */,
				A23F2FB0574E62AFE371388E /* GardenMarketTests_macOS */,
				9065B6E7604AF3E413C6D772 /* GardenMarket_iOS */,
				E5BA680D369D2EFEC544972E /* GardenMarket_macOS */,
			);
		};
/* End PBXProject section */

/* Begin PBXSourcesBuildPhase section */
		1E52B5C1DBC2F044F75EF739 /* Sources */ = {
			isa = PBXSourcesBuildPhase;
			buildActionMask = 2147483647;
			files = (
				A62780042F08B4E2BBDF92B1 /* APIEndpointTests.swift in Sources */,
				3CDE80B119A1B5364B022EE1 /* APIErrorTests.swift in Sources */,
				5C8683054826327496C1D0A2 /* ExtensionTests.swift in Sources */,
				A9695A249F937C169E4B47C1 /* KeychainServiceTests.swift in Sources */,
				91CC4A3FA6BF971FBD60322A /* ModelTests.swift in Sources */,
				94FE144C30FF6AA23D7C1CF4 /* ViewModelTests.swift in Sources */,
			);
			runOnlyForDeploymentPostprocessing = 0;
		};
		487CDD1D5EB2AC9CA8DE0204 /* Sources */ = {
			isa = PBXSourcesBuildPhase;
			buildActionMask = 2147483647;
			files = (
				E3072061ED2E51B6372904C4 /* APIClient.swift in Sources */,
				5B9DEA8C6F7FE5BC2A9D209C /* APIEndpoint.swift in Sources */,
				AFBBA1E6B43D06CD9C697067 /* APIError.swift in Sources */,
				24B768F6D535215EABA8CA8D /* AuthService.swift in Sources */,
				B50587F8F2B665A3D78D84A6 /* AuthViewModel.swift in Sources */,
				E9B825E2F8AFDC5CE7609498 /* Cart.swift in Sources */,
				3002B13EC6CA6AF5B654410D /* CartService.swift in Sources */,
				A130F9FEF7339C2D3AADE646 /* CartView.swift in Sources */,
				ABD35E35DE1E57FC34EFE983 /* CartViewModel.swift in Sources */,
				AFB955DDDC97A7DB34E47CDB /* CenterService.swift in Sources */,
				BF517199169C30D530D84CE1 /* CheckoutView.swift in Sources */,
				8A8AAFE457562A2C811FD7FD /* Color+Theme.swift in Sources */,
				61D5C493B27CAF6E7E0B9F17 /* ContentView.swift in Sources */,
				6B6710F561A38D4035D2B93D /* CreateListingView.swift in Sources */,
				5671882D84C9C448B4CDDE43 /* CreatePlantView.swift in Sources */,
				AE2046928246144D7812A861 /* Decimal+Currency.swift in Sources */,
				E44CA76119731B7EAFF5ACEE /* DistributionCenter.swift in Sources */,
				968CB9BB41FA394A5024D5D2 /* EditListingView.swift in Sources */,
				12F655A59698A01D2160F57F /* GardenMarketApp.swift in Sources */,
				037F0D8C09948E110BF5EFF7 /* GardenerProfile.swift in Sources */,
				A89F015EAD55BF0550C385A2 /* GardenerService.swift in Sources */,
				916F23365567BAA75D9A38C2 /* GrowerDashboardViewModel.swift in Sources */,
				7B7CAC41CC914CD7578ABEE5 /* GrowerListingsView.swift in Sources */,
				8175D571FB627065C4EECE66 /* GrowerOrdersView.swift in Sources */,
				171176A51C1094DC745A7540 /* GrowerTabView.swift in Sources */,
				248D217AAB3D6B74A2D25770 /* KeychainService.swift in Sources */,
				FCF217359D632547969BAF2D /* Listing.swift in Sources */,
				2B188DE12BF2884333D340B3 /* ListingCardView.swift in Sources */,
				6DE321416C565E543D25C58B /* ListingDetailView.swift in Sources */,
				2F116EBEBC3A3CA2735E6A51 /* ListingFilterBar.swift in Sources */,
				068F55D532013A4B1BAB075B /* ListingService.swift in Sources */,
				70AAD7EE069A95B09CE6430A /* ListingsGridView.swift in Sources */,
				5C5CFFC488C4D385B022B3CF /* ListingsViewModel.swift in Sources */,
				E1D30863A8BAC49B18C87D29 /* LoginView.swift in Sources */,
				BEE8B8299197F1148A347104 /* MainTabView.swift in Sources */,
				2F3601E6F3B68A85A2BE8AD8 /* OnboardingChecklist.swift in Sources */,
				5BF93829E94213BD0423D138 /* OnboardingStatus.swift in Sources */,
				24370B1285E51D5876B05220 /* Order.swift in Sources */,
				55BE29F1DBC5E06A7E799892 /* OrderDetailView.swift in Sources */,
				294800A6557591027E186C40 /* OrderService.swift in Sources */,
				557EBCD398F8519674A9D50B /* OrderViewModel.swift in Sources */,
				C3C9BDC00D624CA59E1261AD /* OrdersListView.swift in Sources */,
				BDE2EF2B9508C59102B65A88 /* PlantProfile.swift in Sources */,
				AEC50519DEDAB1B8B3BE0010 /* PlantService.swift in Sources */,
				1B4D24ED82F7F644AB610E36 /* PlantsListView.swift in Sources */,
				4990C2B842158C4D42FF7114 /* ProfileService.swift in Sources */,
				070B807A7C4118F0EF7DFF68 /* ProfileView.swift in Sources */,
				98FBCBAE466F2E68436DAF65 /* ProfileViewModel.swift in Sources */,
				3A8B8C300A163BCC58BB2D6F /* RegisterView.swift in Sources */,
				3BF60BC18F9AB7C6EAD9CCD7 /* SettingsView.swift in Sources */,
				CD2CE31E87BA6CD914A8A566 /* TokenRefresher.swift in Sources */,
				27C1385F8FBFD5EC7D9FD8F8 /* UpgradeView.swift in Sources */,
				5565366BF952C9D0AD813455 /* User.swift in Sources */,
				4320C31E13FFFD37FCFAAD71 /* View+ErrorAlert.swift in Sources */,
			);
			runOnlyForDeploymentPostprocessing = 0;
		};
		5E362865C6FB46C580BB82AC /* Sources */ = {
			isa = PBXSourcesBuildPhase;
			buildActionMask = 2147483647;
			files = (
				86C36AC0C3F09CBF5892560A /* APIClient.swift in Sources */,
				079C8E8F5E06B4C275632658 /* APIEndpoint.swift in Sources */,
				10D9425F72E745CF5438805F /* APIError.swift in Sources */,
				0A05D567190D5A3C375047EC /* AuthService.swift in Sources */,
				0BF00DFB57457283388B4F15 /* AuthViewModel.swift in Sources */,
				8FBD2DA2E0A3D0767897010D /* Cart.swift in Sources */,
				D0C0BEE205849948AE399F3D /* CartService.swift in Sources */,
				EDA7C430C11BFB2B2AC9AF98 /* CartView.swift in Sources */,
				34160337FA3E4C88256256AB /* CartViewModel.swift in Sources */,
				ACB7D5C8CAD69A52DACAD8AD /* CenterService.swift in Sources */,
				0CC46F974E1884F9D48A6C7B /* CheckoutView.swift in Sources */,
				141ACFD1945C81E19254317D /* Color+Theme.swift in Sources */,
				E70C67AD9226705625CA07FD /* ContentView.swift in Sources */,
				32009A7A62587A8D589FBFCF /* CreateListingView.swift in Sources */,
				A6FF594D07BD75CDAFE1C982 /* CreatePlantView.swift in Sources */,
				05301B28AB9894B54B5428A9 /* Decimal+Currency.swift in Sources */,
				B42DED3199D4724D695BBC2F /* DistributionCenter.swift in Sources */,
				E6D2EBB688AF042D9E8AF3BD /* EditListingView.swift in Sources */,
				203DAA26F3CF4B926B5EF191 /* GardenMarketApp.swift in Sources */,
				6EE3DD4840A95B032C15C089 /* GardenerProfile.swift in Sources */,
				14A53BE35EE51714754CC9ED /* GardenerService.swift in Sources */,
				3F00D0BE3F4366213C9F82CE /* GrowerDashboardViewModel.swift in Sources */,
				2F6E56DD86B0C4EC4DE333D9 /* GrowerListingsView.swift in Sources */,
				946F3E1443307767856331C1 /* GrowerOrdersView.swift in Sources */,
				FF810F6B7ABF1F889C9605B4 /* GrowerTabView.swift in Sources */,
				1D6BF9A37DFFE0509B3E8DC3 /* KeychainService.swift in Sources */,
				3A9C6170619CE6DD6F491243 /* Listing.swift in Sources */,
				A12F755DB378495EB45D502F /* ListingCardView.swift in Sources */,
				E3AFF266C19EA0D53E2EA78C /* ListingDetailView.swift in Sources */,
				E247943DE57D6E385B61C913 /* ListingFilterBar.swift in Sources */,
				0AB80FF9C5FB0BB88D59A35B /* ListingService.swift in Sources */,
				3DAE9730C41CEBCC5128D36A /* ListingsGridView.swift in Sources */,
				FA6374FEFAFF0B71A3BA9182 /* ListingsViewModel.swift in Sources */,
				7480DD1E371089C5619B027A /* LoginView.swift in Sources */,
				646BE9BF68461A7FA176093E /* MainTabView.swift in Sources */,
				46EC9E4F80A7466F4D22E7DE /* OnboardingChecklist.swift in Sources */,
				1886425C8FEC74FC20B99E9E /* OnboardingStatus.swift in Sources */,
				97421017020BE295C3430932 /* Order.swift in Sources */,
				2CA195F016B10287DA6F2EF1 /* OrderDetailView.swift in Sources */,
				5469072A154D2A724ABD135F /* OrderService.swift in Sources */,
				AA7A6F1672C76D25E2B332C4 /* OrderViewModel.swift in Sources */,
				ABFDEAB7B2C66112167399C2 /* OrdersListView.swift in Sources */,
				BA1587ACEF4D3726C55C71F7 /* PlantProfile.swift in Sources */,
				91D613679552FFBF3548D2AF /* PlantService.swift in Sources */,
				D003E390AE371CE4AF57FC0E /* PlantsListView.swift in Sources */,
				BD6FDBF59D4C5D208FC875A4 /* ProfileService.swift in Sources */,
				6DB67A3D4C769A89836D4627 /* ProfileView.swift in Sources */,
				C5469553BF28E3E6ECC5B2FA /* ProfileViewModel.swift in Sources */,
				9A313BF945131D0535CAA657 /* RegisterView.swift in Sources */,
				9E68AF1C9ACD00F993CF1ACE /* SettingsView.swift in Sources */,
				20F7328C7AD79E7CF4CF9BC2 /* TokenRefresher.swift in Sources */,
				15804C5EBDCA91464AE559C8 /* UpgradeView.swift in Sources */,
				D3F459B45E4E4B0A3673485A /* User.swift in Sources */,
				85256BC4B7559DC078A6BA0E /* View+ErrorAlert.swift in Sources */,
			);
			runOnlyForDeploymentPostprocessing = 0;
		};
		850A6BB9C272189715BB5AC9 /* Sources */ = {
			isa = PBXSourcesBuildPhase;
			buildActionMask = 2147483647;
			files = (
				078E1EC6FBBB9D2D0C76568E /* APIEndpointTests.swift in Sources */,
				3F886D6E11DF9644048CA26F /* APIErrorTests.swift in Sources */,
				D3F5CA6BBA9E08B05A73C7D3 /* ExtensionTests.swift in Sources */,
				001F21AA92D1929F8CE5AA58 /* KeychainServiceTests.swift in Sources */,
				DACAD72CC58838C5EA8738ED /* ModelTests.swift in Sources */,
				77872485FC4D397A3AC8B9F1 /* ViewModelTests.swift in Sources */,
			);
			runOnlyForDeploymentPostprocessing = 0;
		};
/* End PBXSourcesBuildPhase section */

/* Begin PBXTargetDependency section */
		8A345A196B9A7A3974AEA75D /* PBXTargetDependency */ = {
			isa = PBXTargetDependency;
			target = 9065B6E7604AF3E413C6D772 /* GardenMarket_iOS */;
			targetProxy = 05886EDC026F2EC351759665 /* PBXContainerItemProxy */;
		};
		B5CC8FC74408150A1DF79E6C /* PBXTargetDependency */ = {
			isa = PBXTargetDependency;
			target = E5BA680D369D2EFEC544972E /* GardenMarket_macOS */;
			targetProxy = DFE2767119968230495934EF /* PBXContainerItemProxy */;
		};
/* End PBXTargetDependency section */

/* Begin XCBuildConfiguration section */
		14D60213AECAA431A6D980AB /* Release */ = {
			isa = XCBuildConfiguration;
			buildSettings = {
				ALWAYS_SEARCH_USER_PATHS = NO;
				CLANG_ANALYZER_NONNULL = YES;
				CLANG_ANALYZER_NUMBER_OBJECT_CONVERSION = YES_AGGRESSIVE;
				CLANG_CXX_LANGUAGE_STANDARD = "gnu++14";
				CLANG_CXX_LIBRARY = "libc++";
				CLANG_ENABLE_MODULES = YES;
				CLANG_ENABLE_OBJC_ARC = YES;
				CLANG_ENABLE_OBJC_WEAK = YES;
				CLANG_WARN_BLOCK_CAPTURE_AUTORELEASING = YES;
				CLANG_WARN_BOOL_CONVERSION = YES;
				CLANG_WARN_COMMA = YES;
				CLANG_WARN_CONSTANT_CONVERSION = YES;
				CLANG_WARN_DEPRECATED_OBJC_IMPLEMENTATIONS = YES;
				CLANG_WARN_DIRECT_OBJC_ISA_USAGE = YES_ERROR;
				CLANG_WARN_DOCUMENTATION_COMMENTS = YES;
				CLANG_WARN_EMPTY_BODY = YES;
				CLANG_WARN_ENUM_CONVERSION = YES;
				CLANG_WARN_INFINITE_RECURSION = YES;
				CLANG_WARN_INT_CONVERSION = YES;
				CLANG_WARN_NON_LITERAL_NULL_CONVERSION = YES;
				CLANG_WARN_OBJC_IMPLICIT_RETAIN_SELF = YES;
				CLANG_WARN_OBJC_LITERAL_CONVERSION = YES;
				CLANG_WARN_OBJC_ROOT_CLASS = YES_ERROR;
				CLANG_WARN_QUOTED_INCLUDE_IN_FRAMEWORK_HEADER = YES;
				CLANG_WARN_RANGE_LOOP_ANALYSIS = YES;
				CLANG_WARN_STRICT_PROTOTYPES = YES;
				CLANG_WARN_SUSPICIOUS_MOVE = YES;
				CLANG_WARN_UNGUARDED_AVAILABILITY = YES_AGGRESSIVE;
				CLANG_WARN_UNREACHABLE_CODE = YES;
				CLANG_WARN__DUPLICATE_METHOD_MATCH = YES;
				COPY_PHASE_STRIP = NO;
				DEBUG_INFORMATION_FORMAT = "dwarf-with-dsym";
				ENABLE_NS_ASSERTIONS = NO;
				ENABLE_STRICT_OBJC_MSGSEND = YES;
				GCC_C_LANGUAGE_STANDARD = gnu11;
				GCC_NO_COMMON_BLOCKS = YES;
				GCC_WARN_64_TO_32_BIT_CONVERSION = YES;
				GCC_WARN_ABOUT_RETURN_TYPE = YES_ERROR;
				GCC_WARN_UNDECLARED_SELECTOR = YES;
				GCC_WARN_UNINITIALIZED_AUTOS = YES_AGGRESSIVE;
				GCC_WARN_UNUSED_FUNCTION = YES;
				GCC_WARN_UNUSED_VARIABLE = YES;
				IPHONEOS_DEPLOYMENT_TARGET = 17.0;
				MACOSX_DEPLOYMENT_TARGET = 14.0;
				MTL_ENABLE_DEBUG_INFO = NO;
				MTL_FAST_MATH = YES;
				PRODUCT_NAME = "$(TARGET_NAME)";
				SWIFT_COMPILATION_MODE = wholemodule;
				SWIFT_OPTIMIZATION_LEVEL = "-O";
				SWIFT_VERSION = 5.0;
			};
			name = Release;
		};
		20CF4151373DA95E8C66B242 /* Release */ = {
			isa = XCBuildConfiguration;
			buildSettings = {
				BUNDLE_LOADER = "$(TEST_HOST)";
				CODE_SIGN_IDENTITY = "Apple Development";
				CODE_SIGN_STYLE = Automatic;
				COMBINE_HIDPI_IMAGES = YES;
				DEVELOPMENT_TEAM = 643KPF758R;
				GENERATE_INFOPLIST_FILE = YES;
				LD_RUNPATH_SEARCH_PATHS = (
					"$(inherited)",
					"@executable_path/../Frameworks",
					"@loader_path/../Frameworks",
				);
				PRODUCT_BUNDLE_IDENTIFIER = com.gardenmarket.tests;
				SDKROOT = macosx;
				SWIFT_VERSION = 5.10;
				TEST_HOST = "$(BUILT_PRODUCTS_DIR)/GardenMarket.app/Contents/MacOS/GardenMarket";
			};
			name = Release;
		};
		49DD8D0DD83B15C23C7819A9 /* Debug */ = {
			isa = XCBuildConfiguration;
			buildSettings = {
				ALWAYS_SEARCH_USER_PATHS = NO;
				CLANG_ANALYZER_NONNULL = YES;
				CLANG_ANALYZER_NUMBER_OBJECT_CONVERSION = YES_AGGRESSIVE;
				CLANG_CXX_LANGUAGE_STANDARD = "gnu++14";
				CLANG_CXX_LIBRARY = "libc++";
				CLANG_ENABLE_MODULES = YES;
				CLANG_ENABLE_OBJC_ARC = YES;
				CLANG_ENABLE_OBJC_WEAK = YES;
				CLANG_WARN_BLOCK_CAPTURE_AUTORELEASING = YES;
				CLANG_WARN_BOOL_CONVERSION = YES;
				CLANG_WARN_COMMA = YES;
				CLANG_WARN_CONSTANT_CONVERSION = YES;
				CLANG_WARN_DEPRECATED_OBJC_IMPLEMENTATIONS = YES;
				CLANG_WARN_DIRECT_OBJC_ISA_USAGE = YES_ERROR;
				CLANG_WARN_DOCUMENTATION_COMMENTS = YES;
				CLANG_WARN_EMPTY_BODY = YES;
				CLANG_WARN_ENUM_CONVERSION = YES;
				CLANG_WARN_INFINITE_RECURSION = YES;
				CLANG_WARN_INT_CONVERSION = YES;
				CLANG_WARN_NON_LITERAL_NULL_CONVERSION = YES;
				CLANG_WARN_OBJC_IMPLICIT_RETAIN_SELF = YES;
				CLANG_WARN_OBJC_LITERAL_CONVERSION = YES;
				CLANG_WARN_OBJC_ROOT_CLASS = YES_ERROR;
				CLANG_WARN_QUOTED_INCLUDE_IN_FRAMEWORK_HEADER = YES;
				CLANG_WARN_RANGE_LOOP_ANALYSIS = YES;
				CLANG_WARN_STRICT_PROTOTYPES = YES;
				CLANG_WARN_SUSPICIOUS_MOVE = YES;
				CLANG_WARN_UNGUARDED_AVAILABILITY = YES_AGGRESSIVE;
				CLANG_WARN_UNREACHABLE_CODE = YES;
				CLANG_WARN__DUPLICATE_METHOD_MATCH = YES;
				COPY_PHASE_STRIP = NO;
				DEBUG_INFORMATION_FORMAT = dwarf;
				ENABLE_STRICT_OBJC_MSGSEND = YES;
				ENABLE_TESTABILITY = YES;
				GCC_C_LANGUAGE_STANDARD = gnu11;
				GCC_DYNAMIC_NO_PIC = NO;
				GCC_NO_COMMON_BLOCKS = YES;
				GCC_OPTIMIZATION_LEVEL = 0;
				GCC_PREPROCESSOR_DEFINITIONS = (
					"$(inherited)",
					"DEBUG=1",
				);
				GCC_WARN_64_TO_32_BIT_CONVERSION = YES;
				GCC_WARN_ABOUT_RETURN_TYPE = YES_ERROR;
				GCC_WARN_UNDECLARED_SELECTOR = YES;
				GCC_WARN_UNINITIALIZED_AUTOS = YES_AGGRESSIVE;
				GCC_WARN_UNUSED_FUNCTION = YES;
				GCC_WARN_UNUSED_VARIABLE = YES;
				IPHONEOS_DEPLOYMENT_TARGET = 17.0;
				MACOSX_DEPLOYMENT_TARGET = 14.0;
				MTL_ENABLE_DEBUG_INFO = INCLUDE_SOURCE;
				MTL_FAST_MATH = YES;
				ONLY_ACTIVE_ARCH = YES;
				PRODUCT_NAME = "$(TARGET_NAME)";
				SWIFT_ACTIVE_COMPILATION_CONDITIONS = DEBUG;
				SWIFT_OPTIMIZATION_LEVEL = "-Onone";
				SWIFT_VERSION = 5.0;
			};
			name = Debug;
		};
		4EA002EC2631A3A1DA1B7DD2 /* Debug */ = {
			isa = XCBuildConfiguration;
			buildSettings = {
				BUNDLE_LOADER = "$(TEST_HOST)";
				CODE_SIGN_IDENTITY = "Apple Development";
				CODE_SIGN_STYLE = Automatic;
				COMBINE_HIDPI_IMAGES = YES;
				DEVELOPMENT_TEAM = 643KPF758R;
				GENERATE_INFOPLIST_FILE = YES;
				LD_RUNPATH_SEARCH_PATHS = (
					"$(inherited)",
					"@executable_path/../Frameworks",
					"@loader_path/../Frameworks",
				);
				PRODUCT_BUNDLE_IDENTIFIER = com.gardenmarket.tests;
				SDKROOT = macosx;
				SWIFT_VERSION = 5.10;
				TEST_HOST = "$(BUILT_PRODUCTS_DIR)/GardenMarket.app/Contents/MacOS/GardenMarket";
			};
			name = Debug;
		};
		63B225EA3A9811E87335ABD8 /* Release */ = {
			isa = XCBuildConfiguration;
			buildSettings = {
				BUNDLE_LOADER = "$(TEST_HOST)";
				CODE_SIGN_IDENTITY = "Apple Development";
				CODE_SIGN_STYLE = Automatic;
				DEVELOPMENT_TEAM = 643KPF758R;
				GENERATE_INFOPLIST_FILE = YES;
				LD_RUNPATH_SEARCH_PATHS = (
					"$(inherited)",
					"@executable_path/Frameworks",
					"@loader_path/Frameworks",
				);
				PRODUCT_BUNDLE_IDENTIFIER = com.gardenmarket.tests;
				SDKROOT = iphoneos;
				SWIFT_VERSION = 5.10;
				TARGETED_DEVICE_FAMILY = "1,2";
				TEST_HOST = "$(BUILT_PRODUCTS_DIR)/GardenMarket.app/GardenMarket";
			};
			name = Release;
		};
		6EAE5241012B25AEE4848F9B /* Debug */ = {
			isa = XCBuildConfiguration;
			buildSettings = {
				ASSETCATALOG_COMPILER_APPICON_NAME = AppIcon;
				CODE_SIGN_IDENTITY = "Apple Development";
				CODE_SIGN_STYLE = Automatic;
				CURRENT_PROJECT_VERSION = 1;
				DEVELOPMENT_TEAM = 643KPF758R;
				GENERATE_INFOPLIST_FILE = YES;
				INFOPLIST_FILE = GardenMarket/Resources/Info.plist;
				INFOPLIST_KEY_CFBundleDisplayName = GardenMarket;
				LD_RUNPATH_SEARCH_PATHS = (
					"$(inherited)",
					"@executable_path/Frameworks",
				);
				MARKETING_VERSION = 1.0;
				PRODUCT_BUNDLE_IDENTIFIER = com.gardenmarket.app;
				PRODUCT_NAME = GardenMarket;
				SDKROOT = iphoneos;
				SUPPORTED_PLATFORMS = "iphoneos iphonesimulator";
				SUPPORTS_MACCATALYST = NO;
				SUPPORTS_MAC_DESIGNED_FOR_IPHONE_IPAD = NO;
				SUPPORTS_XR_DESIGNED_FOR_IPHONE_IPAD = NO;
				SWIFT_VERSION = 5.10;
				TARGETED_DEVICE_FAMILY = "1,2";
			};
			name = Debug;
		};
		82D8BD4D283CC07165150DA2 /* Debug */ = {
			isa = XCBuildConfiguration;
			buildSettings = {
				ASSETCATALOG_COMPILER_APPICON_NAME = AppIcon;
				CODE_SIGN_IDENTITY = "Apple Development";
				"CODE_SIGN_IDENTITY[sdk=macosx*]" = "Apple Development";
				CODE_SIGN_STYLE = Automatic;
				COMBINE_HIDPI_IMAGES = YES;
				CURRENT_PROJECT_VERSION = 1;
				DEVELOPMENT_TEAM = 643KPF758R;
				GENERATE_INFOPLIST_FILE = YES;
				INFOPLIST_FILE = GardenMarket/Resources/Info.plist;
				INFOPLIST_KEY_CFBundleDisplayName = GardenMarket;
				LD_RUNPATH_SEARCH_PATHS = (
					"$(inherited)",
					"@executable_path/../Frameworks",
				);
				MARKETING_VERSION = 1.0;
				PRODUCT_BUNDLE_IDENTIFIER = com.gardenmarket.app;
				PRODUCT_NAME = GardenMarket;
				SDKROOT = macosx;
				SWIFT_VERSION = 5.10;
			};
			name = Debug;
		};
		8FCADD73367D5E7AFE5F3B49 /* Release */ = {
			isa = XCBuildConfiguration;
			buildSettings = {
				ASSETCATALOG_COMPILER_APPICON_NAME = AppIcon;
				CODE_SIGN_IDENTITY = "Apple Development";
				CODE_SIGN_STYLE = Automatic;
				CURRENT_PROJECT_VERSION = 1;
				DEVELOPMENT_TEAM = 643KPF758R;
				GENERATE_INFOPLIST_FILE = YES;
				INFOPLIST_FILE = GardenMarket/Resources/Info.plist;
				INFOPLIST_KEY_CFBundleDisplayName = GardenMarket;
				LD_RUNPATH_SEARCH_PATHS = (
					"$(inherited)",
					"@executable_path/Frameworks",
				);
				MARKETING_VERSION = 1.0;
				PRODUCT_BUNDLE_IDENTIFIER = com.gardenmarket.app;
				PRODUCT_NAME = GardenMarket;
				SDKROOT = iphoneos;
				SUPPORTED_PLATFORMS = "iphoneos iphonesimulator";
				SUPPORTS_MACCATALYST = NO;
				SUPPORTS_MAC_DESIGNED_FOR_IPHONE_IPAD = NO;
				SUPPORTS_XR_DESIGNED_FOR_IPHONE_IPAD = NO;
				SWIFT_VERSION = 5.10;
				TARGETED_DEVICE_FAMILY = "1,2";
			};
			name = Release;
		};
		A45DD660BF075FB280D5F7CB /* Debug */ = {
			isa = XCBuildConfiguration;
			buildSettings = {
				BUNDLE_LOADER = "$(TEST_HOST)";
				CODE_SIGN_IDENTITY = "Apple Development";
				CODE_SIGN_STYLE = Automatic;
				DEVELOPMENT_TEAM = 643KPF758R;
				GENERATE_INFOPLIST_FILE = YES;
				LD_RUNPATH_SEARCH_PATHS = (
					"$(inherited)",
					"@executable_path/Frameworks",
					"@loader_path/Frameworks",
				);
				PRODUCT_BUNDLE_IDENTIFIER = com.gardenmarket.tests;
				SDKROOT = iphoneos;
				SWIFT_VERSION = 5.10;
				TARGETED_DEVICE_FAMILY = "1,2";
				TEST_HOST = "$(BUILT_PRODUCTS_DIR)/GardenMarket.app/GardenMarket";
			};
			name = Debug;
		};
		F15F53E8451F252BAE57408F /* Release */ = {
			isa = XCBuildConfiguration;
			buildSettings = {
				ASSETCATALOG_COMPILER_APPICON_NAME = AppIcon;
				CODE_SIGN_IDENTITY = "Apple Development";
				"CODE_SIGN_IDENTITY[sdk=macosx*]" = "Apple Development";
				CODE_SIGN_STYLE = Automatic;
				COMBINE_HIDPI_IMAGES = YES;
				CURRENT_PROJECT_VERSION = 1;
				DEVELOPMENT_TEAM = 643KPF758R;
				GENERATE_INFOPLIST_FILE = YES;
				INFOPLIST_FILE = GardenMarket/Resources/Info.plist;
				INFOPLIST_KEY_CFBundleDisplayName = GardenMarket;
				LD_RUNPATH_SEARCH_PATHS = (
					"$(inherited)",
					"@executable_path/../Frameworks",
				);
				MARKETING_VERSION = 1.0;
				PRODUCT_BUNDLE_IDENTIFIER = com.gardenmarket.app;
				PRODUCT_NAME = GardenMarket;
				SDKROOT = macosx;
				SWIFT_VERSION = 5.10;
			};
			name = Release;
		};
/* End XCBuildConfiguration section */

/* Begin XCConfigurationList section */
		3CCF6260BE6DB14AE5A6706C /* Build configuration list for PBXProject "GardenMarket" */ = {
			isa = XCConfigurationList;
			buildConfigurations = (
				49DD8D0DD83B15C23C7819A9 /* Debug */,
				14D60213AECAA431A6D980AB /* Release */,
			);
			defaultConfigurationIsVisible = 0;
			defaultConfigurationName = Debug;
		};
		44D55A5F7F1DB40D0BEE61B5 /* Build configuration list for PBXNativeTarget "GardenMarketTests_iOS" */ = {
			isa = XCConfigurationList;
			buildConfigurations = (
				A45DD660BF075FB280D5F7CB /* Debug */,
				63B225EA3A9811E87335ABD8 /* Release */,
			);
			defaultConfigurationIsVisible = 0;
			defaultConfigurationName = Debug;
		};
		ADD36B4B5128669E984DA3E8 /* Build configuration list for PBXNativeTarget "GardenMarket_macOS" */ = {
			isa = XCConfigurationList;
			buildConfigurations = (
				82D8BD4D283CC07165150DA2 /* Debug */,
				F15F53E8451F252BAE57408F /* Release */,
			);
			defaultConfigurationIsVisible = 0;
			defaultConfigurationName = Debug;
		};
		BE495276FDD035645C264D14 /* Build configuration list for PBXNativeTarget "GardenMarketTests_macOS" */ = {
			isa = XCConfigurationList;
			buildConfigurations = (
				4EA002EC2631A3A1DA1B7DD2 /* Debug */,
				20CF4151373DA95E8C66B242 /* Release */,
			);
			defaultConfigurationIsVisible = 0;
			defaultConfigurationName = Debug;
		};
		D7CE1DF021B5B324093DDAA3 /* Build configuration list for PBXNativeTarget "GardenMarket_iOS" */ = {
			isa = XCConfigurationList;
			buildConfigurations = (
				6EAE5241012B25AEE4848F9B /* Debug */,
				8FCADD73367D5E7AFE5F3B49 /* Release */,
			);
			defaultConfigurationIsVisible = 0;
			defaultConfigurationName = Debug;
		};
/* End XCConfigurationList section */
	};
	rootObject = A65FB8A4CFD9816A7CEEF843 /* Project object */;
}
